
Microsoft Visual Studio Solution File, Format Version 12.00
# Visual Studio Version 17
VisualStudioVersion = 17.11.35222.181
MinimumVisualStudioVersion = 10.0.40219.1
Project("{FAE04EC0-301F-11D3-BF4B-00C04F79EFBC}") = "Sesion11", "Sesion11\Sesion11.csproj", "{53B5C816-7D5D-4171-85A2-951364766082}"
EndProject
Global
	GlobalSection(SolutionConfigurationPlatforms) = preSolution
		Debug|Any CPU = Debug|Any CPU
		Release|Any CPU = Release|Any CPU
	EndGlobalSection
	GlobalSection(ProjectConfigurationPlatforms) = postSolution
		{53B5C816-7D5D-4171-85A2-951364766082}.Debug|Any CPU.ActiveCfg = Debug|Any CPU
		{53B5C816-7D5D-4171-85A2-951364766082}.Debug|Any CPU.Build.0 = Debug|Any CPU
		{53B5C816-7D5D-4171-85A2-951364766082}.Release|Any CPU.ActiveCfg = Release|Any CPU
		{53B5C816-7D5D-4171-85A2-951364766082}.Release|Any CPU.Build.0 = Release|Any CPU
	EndGlobalSection
	GlobalSection(SolutionProperties) = preSolution
		HideSolutionNode = FALSE
	EndGlobalSection
	GlobalSection(ExtensibilityGlobals) = postSolution
		SolutionGuid = {B51380C6-7D74-44BC-AC69-59FFF8FDF5B5}
	EndGlobalSection
EndGlobal
